Microsoft Visual Studio Solution File, Format Version 12.00
# Visual Studio Version 17
VisualStudioVersion = 17.0.31903.59
MinimumVisualStudioVersion = 10.0.40219.1
Project("{BAA0C2D2-18E2-41B9-852F-F413020CAA33}") = "UnassignedTicket.OutlookAddIn", "UnassignedTicket.OutlookAddIn\UnassignedTicket.OutlookAddIn.csproj", "{B9AC23A7-54FE-4C59-9C69-542E06117D87}"
EndProject
Global
	GlobalSection(SolutionConfigurationPlatforms) = preSolution
		Debug|Any CPU = Debug|Any CPU
		Release|Any CPU = Release|Any CPU
	EndGlobalSection
	GlobalSection(ProjectConfigurationPlatforms) = postSolution
		{B9AC23A7-54FE-4C59-9C69-542E06117D87}.Debug|Any CPU.ActiveCfg = Debug|Any CPU
		{B9AC23A7-54FE-4C59-9C69-542E06117D87}.Debug|Any CPU.Build.0 = Debug|Any CPU
		{B9AC23A7-54FE-4C59-9C69-542E06117D87}.Release|Any CPU.ActiveCfg = Release|Any CPU
		{B9AC23A7-54FE-4C59-9C69-542E06117D87}.Release|Any CPU.Build.0 = Release|Any CPU
	EndGlobalSection
	GlobalSection(SolutionProperties) = preSolution
		HideSolutionNode = FALSE
	EndGlobalSection
EndGlobal
